
Microsoft Visual Studio Solution File, Format Version 12.00
# Visual Studio 15
VisualStudioVersion = 15.0.27703.2018
MinimumVisualStudioVersion = 10.0.40219.1
Project("{FAE04EC0-301F-11D3-BF4B-00C04F79EFBC}") = "ClasseComparavel", "ClasseComparavel\ClasseComparavel.csproj", "{8E7F4C06-F54C-4291-81FF-120DF4736204}"
EndProject
Project("{FAE04EC0-301F-11D3-BF4B-00C04F79EFBC}") = "ClasseComparavelTest", "ClasseComparavelTest\ClasseComparavelTest.csproj", "{48211875-E584-4D8E-90F4-4F323201E764}"
EndProject
Global
	GlobalSection(SolutionConfigurationPlatforms) = preSolution
		Debug|Any CPU = Debug|Any CPU
		Release|Any CPU = Release|Any CPU
	EndGlobalSection
	GlobalSection(ProjectConfigurationPlatforms) = postSolution
		{8E7F4C06-F54C-4291-81FF-120DF4736204}.Debug|Any CPU.ActiveCfg = Debug|Any CPU
		{8E7F4C06-F54C-4291-81FF-120DF4736204}.Debug|Any CPU.Build.0 = Debug|Any CPU
		{8E7F4C06-F54C-4291-81FF-120DF4736204}.Release|Any CPU.ActiveCfg = Release|Any CPU
		{8E7F4C06-F54C-4291-81FF-120DF4736204}.Release|Any CPU.Build.0 = Release|Any CPU
		{48211875-E584-4D8E-90F4-4F323201E764}.Debug|Any CPU.ActiveCfg = Debug|Any CPU
		{48211875-E584-4D8E-90F4-4F323201E764}.Debug|Any CPU.Build.0 = Debug|Any CPU
		{48211875-E584-4D8E-90F4-4F323201E764}.Release|Any CPU.ActiveCfg = Release|Any CPU
		{48211875-E584-4D8E-90F4-4F323201E764}.Release|Any CPU.Build.0 = Release|Any CPU
	EndGlobalSection
	GlobalSection(SolutionProperties) = preSolution
		HideSolutionNode = FALSE
	EndGlobalSection
	GlobalSection(ExtensibilityGlobals) = postSolution
		SolutionGuid = {F2887834-FB11-47FD-A393-E783E9898F56}
	EndGlobalSection
EndGlobal
